// !$*UTF8*$!
{
	archiveVersion = 1;
	classes = {
	};
	objectVersion = 50;
	objects = {

/* Begin PBXBuildFile section */
		33A983BDC9F3753D1780A691 /* Pods_Pikachu_VolleyBallTests.framework in Frameworks */ = {isa = PBXBuildFile; fileRef = A2FD6DFFA97B19F94B4F3726 /* Pods_Pikachu_VolleyBallTests.framework */; };
		4E5CE4650183197E068FEC78 /* Pods_Pikachu_VolleyBall.framework in Frameworks */ = {isa = PBXBuildFile; fileRef = 3D2CBA051A997516EE2B1E43 /* Pods_Pikachu_VolleyBall.framework */; };
		D417966F20C95DD6008AAD49 /* GoogleService-Info.plist in Resources */ = {isa = PBXBuildFile; fileRef = D417966E20C95DD6008AAD49 /* GoogleService-Info.plist */; };
		D417967120C9626B008AAD49 /* TableView.swift in Sources */ = {isa = PBXBuildFile; fileRef = D417967020C9626B008AAD49 /* TableView.swift */; };
		D417967320C96476008AAD49 /* ARView.swift in Sources */ = {isa = PBXBuildFile; fileRef = D417967220C96476008AAD49 /* ARView.swift */; };
		D4543F3C20BE351A00D9F242 /* AppDelegate.swift in Sources */ = {isa = PBXBuildFile; fileRef = D4543F3B20BE351A00D9F242 /* AppDelegate.swift */; };
		D4543F3E20BE351A00D9F242 /* art.scnassets in Resources */ = {isa = PBXBuildFile; fileRef = D4543F3D20BE351A00D9F242 /* art.scnassets */; };
		D4543F4020BE351A00D9F242 /* ViewController.swift in Sources */ = {isa = PBXBuildFile; fileRef = D4543F3F20BE351A00D9F242 /* ViewController.swift */; };
		D4543F4320BE351A00D9F242 /* Main.storyboard in Resources */ = {isa = PBXBuildFile; fileRef = D4543F4120BE351A00D9F242 /* Main.storyboard */; };
		D4543F4520BE351B00D9F242 /* Assets.xcassets in Resources */ = {isa = PBXBuildFile; fileRef = D4543F4420BE351B00D9F242 /* Assets.xcassets */; };
		D4543F4820BE351B00D9F242 /* LaunchScreen.storyboard in Resources */ = {isa = PBXBuildFile; fileRef = D4543F4620BE351B00D9F242 /* LaunchScreen.storyboard */; };
		D4543F5320BE351B00D9F242 /* Pikachu_VolleyBallTests.swift in Sources */ = {isa = PBXBuildFile; fileRef = D4543F5220BE351B00D9F242 /* Pikachu_VolleyBallTests.swift */; };
		D4543F5E20BE351B00D9F242 /* Pikachu_VolleyBallUITests.swift in Sources */ = {isa = PBXBuildFile; fileRef = D4543F5D20BE351B00D9F242 /* Pikachu_VolleyBallUITests.swift */; };
		D4F02E6120D0C77400B44FF6 /* arn.png in Resources */ = {isa = PBXBuildFile; fileRef = D4F02E6020D0C77400B44FF6 /* arn.png */; };
		D4FE156620CFFCCB001958A9 /* pikachu.jpeg in Resources */ = {isa = PBXBuildFile; fileRef = D4FE156420CFFCCA001958A9 /* pikachu.jpeg */; };
		D4FE156720CFFCCB001958A9 /* pokeball.png in Resources */ = {isa = PBXBuildFile; fileRef = D4FE156520CFFCCB001958A9 /* pokeball.png */; };
		D4FE156920D005A4001958A9 /* pokeball.jpg in Resources */ = {isa = PBXBuildFile; fileRef = D4FE156820D005A4001958A9 /* pokeball.jpg */; };
		D4FE156B20D00D4C001958A9 /* enter.png in Resources */ = {isa = PBXBuildFile; fileRef = D4FE156A20D00D4B001958A9 /* enter.png */; };
		D4FE156D20D00E74001958A9 /* bg1.png in Resources */ = {isa = PBXBuildFile; fileRef = D4FE156C20D00E74001958A9 /* bg1.png */; };
		EE0A655B39AE3729B4775312 /* Pods_Pikachu_VolleyBallUITests.framework in Frameworks */ = {isa = PBXBuildFile; fileRef = A576BB5F12637C2C76E169E5 /* Pods_Pikachu_VolleyBallUITests.framework */; };
/* End PBXBuildFile section */

/* Begin PBXContainerItemProxy section */
		D4543F4F20BE351B00D9F242 /* PBXContainerItemProxy */ = {
			isa = PBXContainerItemProxy;
			containerPortal = D4543F3020BE351900D9F242 /* Project object */;
			proxyType = 1;
			remoteGlobalIDString = D4543F3720BE351A00D9F242;
			remoteInfo = Pikachu_VolleyBall;
		};
		D4543F5A20BE351B00D9F242 /* PBXContainerItemProxy */ = {
			isa = PBXContainerItemProxy;
			containerPortal = D4543F3020BE351900D9F242 /* Project object */;
			proxyType = 1;
			remoteGlobalIDString = D4543F3720BE351A00D9F242;
			remoteInfo = Pikachu_VolleyBall;
		};
/* End PBXContainerItemProxy section */

/* Begin PBXFileReference section */
		0FBED5B9BD0BB1BE54B4F76A /* Pods-Pikachu_VolleyBallTests.debug.xcconfig */ = {isa = PBXFileReference; includeInIndex = 1; lastKnownFileType = text.xcconfig; name = "Pods-Pikachu_VolleyBallTests.debug.xcconfig"; path = "Pods/Target Support Files/Pods-Pikachu_VolleyBallTests/Pods-Pikachu_VolleyBallTests.debug.xcconfig"; sourceTree = "<group>"; };
		0FE2C54D645010D9AED28FDE /* Pods-Pikachu_VolleyBall.release.xcconfig */ = {isa = PBXFileReference; includeInIndex = 1; lastKnownFileType = text.xcconfig; name = "Pods-Pikachu_VolleyBall.release.xcconfig"; path = "Pods/Target Support Files/Pods-Pikachu_VolleyBall/Pods-Pikachu_VolleyBall.release.xcconfig"; sourceTree = "<group>"; };
		18D44FF79B07C605AD23342D /* Pods-Pikachu_VolleyBallUITests.debug.xcconfig */ = {isa = PBXFileReference; includeInIndex = 1; lastKnownFileType = text.xcconfig; name = "Pods-Pikachu_VolleyBallUITests.debug.xcconfig"; path = "Pods/Target Support Files/Pods-Pikachu_VolleyBallUITests/Pods-Pikachu_VolleyBallUITests.debug.xcconfig"; sourceTree = "<group>"; };
		3C9BF0936EA780979B7326E2 /* Pods-Pikachu_VolleyBallUITests.release.xcconfig */ = {isa = PBXFileReference; includeInIndex = 1; lastKnownFileType = text.xcconfig; name = "Pods-Pikachu_VolleyBallUITests.release.xcconfig"; path = "Pods/Target Support Files/Pods-Pikachu_VolleyBallUITests/Pods-Pikachu_VolleyBallUITests.release.xcconfig"; sourceTree = "<group>"; };
		3D2CBA051A997516EE2B1E43 /* Pods_Pikachu_VolleyBall.framework */ = {isa = PBXFileReference; explicitFileType = wrapper.framework; includeInIndex = 0; path = Pods_Pikachu_VolleyBall.framework; sourceTree = BUILT_PRODUCTS_DIR; };
		A2FD6DFFA97B19F94B4F3726 /* Pods_Pikachu_VolleyBallTests.framework */ = {isa = PBXFileReference; explicitFileType = wrapper.framework; includeInIndex = 0; path = Pods_Pikachu_VolleyBallTests.framework; sourceTree = BUILT_PRODUCTS_DIR; };
		A576BB5F12637C2C76E169E5 /* Pods_Pikachu_VolleyBallUITests.framework */ = {isa = PBXFileReference; explicitFileType = wrapper.framework; includeInIndex = 0; path = Pods_Pikachu_VolleyBallUITests.framework; sourceTree = BUILT_PRODUCTS_DIR; };
		BFED25C16751163DA8847C26 /* Pods-Pikachu_VolleyBall.debug.xcconfig */ = {isa = PBXFileReference; includeInIndex = 1; lastKnownFileType = text.xcconfig; name = "Pods-Pikachu_VolleyBall.debug.xcconfig"; path = "Pods/Target Support Files/Pods-Pikachu_VolleyBall/Pods-Pikachu_VolleyBall.debug.xcconfig"; sourceTree = "<group>"; };
		D417966E20C95DD6008AAD49 /* GoogleService-Info.plist */ = {isa = PBXFileReference; fileEncoding = 4; lastKnownFileType = text.plist.xml; path = "GoogleService-Info.plist"; sourceTree = "<group>"; };
		D417967020C9626B008AAD49 /* TableView.swift */ = {isa = PBXFileReference; lastKnownFileType = sourcecode.swift; path = TableView.swift; sourceTree = "<group>"; };
		D417967220C96476008AAD49 /* ARView.swift */ = {isa = PBXFileReference; lastKnownFileType = sourcecode.swift; path = ARView.swift; sourceTree = "<group>"; };
		D4543F3820BE351A00D9F242 /* Pikachu_VolleyBall.app */ = {isa = PBXFileReference; explicitFileType = wrapper.application; includeInIndex = 0; path = Pikachu_VolleyBall.app; sourceTree = BUILT_PRODUCTS_DIR; };
		D4543F3B20BE351A00D9F242 /* AppDelegate.swift */ = {isa = PBXFileReference; lastKnownFileType = sourcecode.swift; path = AppDelegate.swift; sourceTree = "<group>"; };
		D4543F3D20BE351A00D9F242 /* art.scnassets */ = {isa = PBXFileReference; lastKnownFileType = wrapper.scnassets; path = art.scnassets; sourceTree = "<group>"; };
		D4543F3F20BE351A00D9F242 /* ViewController.swift */ = {isa = PBXFileReference; lastKnownFileType = sourcecode.swift; path = ViewController.swift; sourceTree = "<group>"; };
		D4543F4220BE351A00D9F242 /* Base */ = {isa = PBXFileReference; lastKnownFileType = file.storyboard; name = Base; path = Base.lproj/Main.storyboard; sourceTree = "<group>"; };
		D4543F4420BE351B00D9F242 /* Assets.xcassets */ = {isa = PBXFileReference; lastKnownFileType = folder.assetcatalog; path = Assets.xcassets; sourceTree = "<group>"; };
		D4543F4720BE351B00D9F242 /* Base */ = {isa = PBXFileReference; lastKnownFileType = file.storyboard; name = Base; path = Base.lproj/LaunchScreen.storyboard; sourceTree = "<group>"; };
		D4543F4920BE351B00D9F242 /* Info.plist */ = {isa = PBXFileReference; lastKnownFileType = text.plist.xml; path = Info.plist; sourceTree = "<group>"; };
		D4543F4E20BE351B00D9F242 /* Pikachu_VolleyBallTests.xctest */ = {isa = PBXFileReference; explicitFileType = wrapper.cfbundle; includeInIndex = 0; path = Pikachu_VolleyBallTests.xctest; sourceTree = BUILT_PRODUCTS_DIR; };
		D4543F5220BE351B00D9F242 /* Pikachu_VolleyBallTests.swift */ = {isa = PBXFileReference; lastKnownFileType = sourcecode.swift; path = Pikachu_VolleyBallTests.swift; sourceTree = "<group>"; };
		D4543F5420BE351B00D9F242 /* Info.plist */ = {isa = PBXFileReference; lastKnownFileType = text.plist.xml; path = Info.plist; sourceTree = "<group>"; };
		D4543F5920BE351B00D9F242 /* Pikachu_VolleyBallUITests.xctest */ = {isa = PBXFileReference; explicitFileType = wrapper.cfbundle; includeInIndex = 0; path = Pikachu_VolleyBallUITests.xctest; sourceTree = BUILT_PRODUCTS_DIR; };
		D4543F5D20BE351B00D9F242 /* Pikachu_VolleyBallUITests.swift */ = {isa = PBXFileReference; lastKnownFileType = sourcecode.swift; path = Pikachu_VolleyBallUITests.swift; sourceTree = "<group>"; };
		D4543F5F20BE351B00D9F242 /* Info.plist */ = {isa = PBXFileReference; lastKnownFileType = text.plist.xml; path = Info.plist; sourceTree = "<group>"; };
		D4F02E6020D0C77400B44FF6 /* arn.png */ = {isa = PBXFileReference; lastKnownFileType = image.png; path = arn.png; sourceTree = "<group>"; };
		D4FE156420CFFCCA001958A9 /* pikachu.jpeg */ = {isa = PBXFileReference; lastKnownFileType = image.jpeg; path = pikachu.jpeg; sourceTree = "<group>"; };
		D4FE156520CFFCCB001958A9 /* pokeball.png */ = {isa = PBXFileReference; lastKnownFileType = image.png; path = pokeball.png; sourceTree = "<group>"; };
		D4FE156820D005A4001958A9 /* pokeball.jpg */ = {isa = PBXFileReference; lastKnownFileType = image.jpeg; path = pokeball.jpg; sourceTree = "<group>"; };
		D4FE156A20D00D4B001958A9 /* enter.png */ = {isa = PBXFileReference; lastKnownFileType = image.png; path = enter.png; sourceTree = "<group>"; };
		D4FE156C20D00E74001958A9 /* bg1.png */ = {isa = PBXFileReference; lastKnownFileType = image.png; path = bg1.png; sourceTree = "<group>"; };
		DD55BDBE2E72B3D61BD1439E /* Pods-Pikachu_VolleyBallTests.release.xcconfig */ = {isa = PBXFileReference; includeInIndex = 1; lastKnownFileType = text.xcconfig; name = "Pods-Pikachu_VolleyBallTests.release.xcconfig"; path = "Pods/Target Support Files/Pods-Pikachu_VolleyBallTests/Pods-Pikachu_VolleyBallTests.release.xcconfig"; sourceTree = "<group>"; };
/* End PBXFileReference section */

/* Begin PBXFrameworksBuildPhase section */
		D4543F3520BE351A00D9F242 /* Frameworks */ = {
			isa = PBXFrameworksBuildPhase;
			buildActionMask = 2147483647;
			files = (
				4E5CE4650183197E068FEC78 /* Pods_Pikachu_VolleyBall.framework in Frameworks */,
			);
			runOnlyForDeploymentPostprocessing = 0;
		};
		D4543F4B20BE351B00D9F242 /* Frameworks */ = {
			isa = PBXFrameworksBuildPhase;
			buildActionMask = 2147483647;
			files = (
				33A983BDC9F3753D1780A691 /* Pods_Pikachu_VolleyBallTests.framework in Frameworks */,
			);
			runOnlyForDeploymentPostprocessing = 0;
		};
		D4543F5620BE351B00D9F242 /* Frameworks */ = {
			isa = PBXFrameworksBuildPhase;
			buildActionMask = 2147483647;
			files = (
				EE0A655B39AE3729B4775312 /* Pods_Pikachu_VolleyBallUITests.framework in Frameworks */,
			);
			runOnlyForDeploymentPostprocessing = 0;
		};
/* End PBXFrameworksBuildPhase section */

/* Begin PBXGroup section */
		B739F5D8B6758B10D7362ECB /* Pods */ = {
			isa = PBXGroup;
			children = (
				BFED25C16751163DA8847C26 /* Pods-Pikachu_VolleyBall.debug.xcconfig */,
				0FE2C54D645010D9AED28FDE /* Pods-Pikachu_VolleyBall.release.xcconfig */,
				0FBED5B9BD0BB1BE54B4F76A /* Pods-Pikachu_VolleyBallTests.debug.xcconfig */,
				DD55BDBE2E72B3D61BD1439E /* Pods-Pikachu_VolleyBallTests.release.xcconfig */,
				18D44FF79B07C605AD23342D /* Pods-Pikachu_VolleyBallUITests.debug.xcconfig */,
				3C9BF0936EA780979B7326E2 /* Pods-Pikachu_VolleyBallUITests.release.xcconfig */,
			);
			name = Pods;
			sourceTree = "<group>";
		};
		C04E596A410F90175D0B26BC /* Frameworks */ = {
			isa = PBXGroup;
			children = (
				3D2CBA051A997516EE2B1E43 /* Pods_Pikachu_VolleyBall.framework */,
				A2FD6DFFA97B19F94B4F3726 /* Pods_Pikachu_VolleyBallTests.framework */,
				A576BB5F12637C2C76E169E5 /* Pods_Pikachu_VolleyBallUITests.framework */,
			);
			name = Frameworks;
			sourceTree = "<group>";
		};
		D4543F2F20BE351900D9F242 = {
			isa = PBXGroup;
			children = (
				D4543F3A20BE351A00D9F242 /* Pikachu_VolleyBall */,
				D4543F5120BE351B00D9F242 /* Pikachu_VolleyBallTests */,
				D4543F5C20BE351B00D9F242 /* Pikachu_VolleyBallUITests */,
				D4543F3920BE351A00D9F242 /* Products */,
				B739F5D8B6758B10D7362ECB /* Pods */,
				C04E596A410F90175D0B26BC /* Frameworks */,
			);
			sourceTree = "<group>";
		};
		D4543F3920BE351A00D9F242 /* Products */ = {
			isa = PBXGroup;
			children = (
				D4543F3820BE351A00D9F242 /* Pikachu_VolleyBall.app */,
				D4543F4E20BE351B00D9F242 /* Pikachu_VolleyBallTests.xctest */,
				D4543F5920BE351B00D9F242 /* Pikachu_VolleyBallUITests.xctest */,
			);
			name = Products;
			sourceTree = "<group>";
		};
		D4543F3A20BE351A00D9F242 /* Pikachu_VolleyBall */ = {
			isa = PBXGroup;
			children = (
				D4F02E6020D0C77400B44FF6 /* arn.png */,
				D4FE156C20D00E74001958A9 /* bg1.png */,
				D4FE156A20D00D4B001958A9 /* enter.png */,
				D4FE156820D005A4001958A9 /* pokeball.jpg */,
				D4FE156420CFFCCA001958A9 /* pikachu.jpeg */,
				D4FE156520CFFCCB001958A9 /* pokeball.png */,
				D417966E20C95DD6008AAD49 /* GoogleService-Info.plist */,
				D4543F3B20BE351A00D9F242 /* AppDelegate.swift */,
				D4543F3D20BE351A00D9F242 /* art.scnassets */,
				D4543F3F20BE351A00D9F242 /* ViewController.swift */,
				D4543F4120BE351A00D9F242 /* Main.storyboard */,
				D4543F4420BE351B00D9F242 /* Assets.xcassets */,
				D4543F4620BE351B00D9F242 /* LaunchScreen.storyboard */,
				D4543F4920BE351B00D9F242 /* Info.plist */,
				D417967020C9626B008AAD49 /* TableView.swift */,
				D417967220C96476008AAD49 /* ARView.swift */,
			);
			path = Pikachu_VolleyBall;
			sourceTree = "<group>";
		};
		D4543F5120BE351B00D9F242 /* Pikachu_VolleyBallTests */ = {
			isa = PBXGroup;
			children = (
				D4543F5220BE351B00D9F242 /* Pikachu_VolleyBallTests.swift */,
				D4543F5420BE351B00D9F242 /* Info.plist */,
			);
			path = Pikachu_VolleyBallTests;
			sourceTree = "<group>";
		};
		D4543F5C20BE351B00D9F242 /* Pikachu_VolleyBallUITests */ = {
			isa = PBXGroup;
			children = (
				D4543F5D20BE351B00D9F242 /* Pikachu_VolleyBallUITests.swift */,
				D4543F5F20BE351B00D9F242 /* Info.plist */,
			);
			path = Pikachu_VolleyBallUITests;
			sourceTree = "<group>";
		};
/* End PBXGroup section */

/* Begin PBXNativeTarget section */
		D4543F3720BE351A00D9F242 /* Pikachu_VolleyBall */ = {
			isa = PBXNativeTarget;
			buildConfigurationList = D4543F6220BE351B00D9F242 /* Build configuration list for PBXNativeTarget "Pikachu_VolleyBall" */;
			buildPhases = (
				0094792B87C1F6BD68E4993A /* [CP] Check Pods Manifest.lock */,
				D4543F3420BE351A00D9F242 /* Sources */,
				D4543F3520BE351A00D9F242 /* Frameworks */,
				D4543F3620BE351A00D9F242 /* Resources */,
				29F21417183593F1F7C5362A /* [CP] Embed Pods Frameworks */,
			);
			buildRules = (
			);
			dependencies = (
			);
			name = Pikachu_VolleyBall;
			productName = Pikachu_VolleyBall;
			productReference = D4543F3820BE351A00D9F242 /* Pikachu_VolleyBall.app */;
			productType = "com.apple.product-type.application";
		};
		D4543F4D20BE351B00D9F242 /* Pikachu_VolleyBallTests */ = {
			isa = PBXNativeTarget;
			buildConfigurationList = D4543F6520BE351B00D9F242 /* Build configuration list for PBXNativeTarget "Pikachu_VolleyBallTests" */;
			buildPhases = (
				93942537C6183598DF9DA889 /* [CP] Check Pods Manifest.lock */,
				D4543F4A20BE351B00D9F242 /* Sources */,
				D4543F4B20BE351B00D9F242 /* Frameworks */,
				D4543F4C20BE351B00D9F242 /* Resources */,
			);
			buildRules = (
			);
			dependencies = (
				D4543F5020BE351B00D9F242 /* PBXTargetDependency */,
			);
			name = Pikachu_VolleyBallTests;
			productName = Pikachu_VolleyBallTests;
			productReference = D4543F4E20BE351B00D9F242 /* Pikachu_VolleyBallTests.xctest */;
			productType = "com.apple.product-type.bundle.unit-test";
		};
		D4543F5820BE351B00D9F242 /* Pikachu_VolleyBallUITests */ = {
			isa = PBXNativeTarget;
			buildConfigurationList = D4543F6820BE351B00D9F242 /* Build configuration list for PBXNativeTarget "Pikachu_VolleyBallUITests" */;
			buildPhases = (
				34CDF3F562C70247D5FB20D0 /* [CP] Check Pods Manifest.lock */,
				D4543F5520BE351B00D9F242 /* Sources */,
				D4543F5620BE351B00D9F242 /* Frameworks */,
				D4543F5720BE351B00D9F242 /* Resources */,
			);
			buildRules = (
			);
			dependencies = (
				D4543F5B20BE351B00D9F242 /* PBXTargetDependency */,
			);
			name = Pikachu_VolleyBallUITests;
			productName = Pikachu_VolleyBallUITests;
			productReference = D4543F5920BE351B00D9F242 /* Pikachu_VolleyBallUITests.xctest */;
			productType = "com.apple.product-type.bundle.ui-testing";
		};
/* End PBXNativeTarget section */

/* Begin PBXProject section */
		D4543F3020BE351900D9F242 /* Project object */ = {
			isa = PBXProject;
			attributes = {
				LastSwiftUpdateCheck = 0930;
				LastUpgradeCheck = 0930;
				ORGANIZATIONNAME = "廖莉祺";
				TargetAttributes = {
					D4543F3720BE351A00D9F242 = {
						CreatedOnToolsVersion = 9.3.1;
					};
					D4543F4D20BE351B00D9F242 = {
						CreatedOnToolsVersion = 9.3.1;
						TestTargetID = D4543F3720BE351A00D9F242;
					};
					D4543F5820BE351B00D9F242 = {
						CreatedOnToolsVersion = 9.3.1;
						TestTargetID = D4543F3720BE351A00D9F242;
					};
				};
			};
			buildConfigurationList = D4543F3320BE351900D9F242 /* Build configuration list for PBXProject "Pikachu_VolleyBall" */;
			compatibilityVersion = "Xcode 9.3";
			developmentRegion = en;
			hasScannedForEncodings = 0;
			knownRegions = (
				en,
				Base,
			);
			mainGroup = D4543F2F20BE351900D9F242;
			productRefGroup = D4543F3920BE351A00D9F242 /* Products */;
			projectDirPath = "";
			projectRoot = "";
			targets = (
				D4543F3720BE351A00D9F242 /* Pikachu_VolleyBall */,
				D4543F4D20BE351B00D9F242 /* Pikachu_VolleyBallTests */,
				D4543F5820BE351B00D9F242 /* Pikachu_VolleyBallUITests */,
			);
		};
/* End PBXProject section */

/* Begin PBXResourcesBuildPhase section */
		D4543F3620BE351A00D9F242 /* Resources */ = {
			isa = PBXResourcesBuildPhase;
			buildActionMask = 2147483647;
			files = (
				D4543F3E20BE351A00D9F242 /* art.scnassets in Resources */,
				D4543F4820BE351B00D9F242 /* LaunchScreen.storyboard in Resources */,
				D417966F20C95DD6008AAD49 /* GoogleService-Info.plist in Resources */,
				D4543F4520BE351B00D9F242 /* Assets.xcassets in Resources */,
				D4FE156D20D00E74001958A9 /* bg1.png in Resources */,
				D4FE156720CFFCCB001958A9 /* pokeball.png in Resources */,
				D4F02E6120D0C77400B44FF6 /* arn.png in Resources */,
				D4FE156B20D00D4C001958A9 /* enter.png in Resources */,
				D4FE156920D005A4001958A9 /* pokeball.jpg in Resources */,
				D4543F4320BE351A00D9F242 /* Main.storyboard in Resources */,
				D4FE156620CFFCCB001958A9 /* pikachu.jpeg in Resources */,
			);
			runOnlyForDeploymentPostprocessing = 0;
		};
		D4543F4C20BE351B00D9F242 /* Resources */ = {
			isa = PBXResourcesBuildPhase;
			buildActionMask = 2147483647;
			files = (
			);
			runOnlyForDeploymentPostprocessing = 0;
		};
		D4543F5720BE351B00D9F242 /* Resources */ = {
			isa = PBXResourcesBuildPhase;
			buildActionMask = 2147483647;
			files = (
			);
			runOnlyForDeploymentPostprocessing = 0;
		};
/* End PBXResourcesBuildPhase section */

/* Begin PBXShellScriptBuildPhase section */
		0094792B87C1F6BD68E4993A /* [CP] Check Pods Manifest.lock */ = {
			isa = PBXShellScriptBuildPhase;
			buildActionMask = 2147483647;
			files = (
			);
			inputPaths = (
				"${PODS_PODFILE_DIR_PATH}/Podfile.lock",
				"${PODS_ROOT}/Manifest.lock",
			);
			name = "[CP] Check Pods Manifest.lock";
			outputPaths = (
				"$(DERIVED_FILE_DIR)/Pods-Pikachu_VolleyBall-checkManifestLockResult.txt",
			);
			runOnlyForDeploymentPostprocessing = 0;
			shellPath = /bin/sh;
			shellScript = "diff \"${PODS_PODFILE_DIR_PATH}/Podfile.lock\" \"${PODS_ROOT}/Manifest.lock\" > /dev/null\nif [ $? != 0 ] ; then\n    # print error to STDERR\n    echo \"error: The sandbox is not in sync with the Podfile.lock. Run 'pod install' or update your CocoaPods installation.\" >&2\n    exit 1\nfi\n# This output is used by Xcode 'outputs' to avoid re-running this script phase.\necho \"SUCCESS\" > \"${SCRIPT_OUTPUT_FILE_0}\"\n";
			showEnvVarsInLog = 0;
		};
		29F21417183593F1F7C5362A /* [CP] Embed Pods Frameworks */ = {
			isa = PBXShellScriptBuildPhase;
			buildActionMask = 2147483647;
			files = (
			);
			inputPaths = (
				"${SRCROOT}/Pods/Target Support Files/Pods-Pikachu_VolleyBall/Pods-Pikachu_VolleyBall-frameworks.sh",
				"${BUILT_PRODUCTS_DIR}/GTMSessionFetcher/GTMSessionFetcher.framework",
				"${BUILT_PRODUCTS_DIR}/GoogleToolboxForMac/GoogleToolboxForMac.framework",
				"${BUILT_PRODUCTS_DIR}/leveldb-library/leveldb.framework",
				"${BUILT_PRODUCTS_DIR}/nanopb/nanopb.framework",
			);
			name = "[CP] Embed Pods Frameworks";
			outputPaths = (
				"${TARGET_BUILD_DIR}/${FRAMEWORKS_FOLDER_PATH}/GTMSessionFetcher.framework",
				"${TARGET_BUILD_DIR}/${FRAMEWORKS_FOLDER_PATH}/GoogleToolboxForMac.framework",
				"${TARGET_BUILD_DIR}/${FRAMEWORKS_FOLDER_PATH}/leveldb.framework",
				"${TARGET_BUILD_DIR}/${FRAMEWORKS_FOLDER_PATH}/nanopb.framework",
			);
			runOnlyForDeploymentPostprocessing = 0;
			shellPath = /bin/sh;
			shellScript = "\"${SRCROOT}/Pods/Target Support Files/Pods-Pikachu_VolleyBall/Pods-Pikachu_VolleyBall-frameworks.sh\"\n";
			showEnvVarsInLog = 0;
		};
		34CDF3F562C70247D5FB20D0 /* [CP] Check Pods Manifest.lock */ = {
			isa = PBXShellScriptBuildPhase;
			buildActionMask = 2147483647;
			files = (
			);
			inputPaths = (
				"${PODS_PODFILE_DIR_PATH}/Podfile.lock",
				"${PODS_ROOT}/Manifest.lock",
			);
			name = "[CP] Check Pods Manifest.lock";
			outputPaths = (
				"$(DERIVED_FILE_DIR)/Pods-Pikachu_VolleyBallUITests-checkManifestLockResult.txt",
			);
			runOnlyForDeploymentPostprocessing = 0;
			shellPath = /bin/sh;
			shellScript = "diff \"${PODS_PODFILE_DIR_PATH}/Podfile.lock\" \"${PODS_ROOT}/Manifest.lock\" > /dev/null\nif [ $? != 0 ] ; then\n    # print error to STDERR\n    echo \"error: The sandbox is not in sync with the Podfile.lock. Run 'pod install' or update your CocoaPods installation.\" >&2\n    exit 1\nfi\n# This output is used by Xcode 'outputs' to avoid re-running this script phase.\necho \"SUCCESS\" > \"${SCRIPT_OUTPUT_FILE_0}\"\n";
			showEnvVarsInLog = 0;
		};
		93942537C6183598DF9DA889 /* [CP] Check Pods Manifest.lock */ = {
			isa = PBXShellScriptBuildPhase;
			buildActionMask = 2147483647;
			files = (
			);
			inputPaths = (
				"${PODS_PODFILE_DIR_PATH}/Podfile.lock",
				"${PODS_ROOT}/Manifest.lock",
			);
			name = "[CP] Check Pods Manifest.lock";
			outputPaths = (
				"$(DERIVED_FILE_DIR)/Pods-Pikachu_VolleyBallTests-checkManifestLockResult.txt",
			);
			runOnlyForDeploymentPostprocessing = 0;
			shellPath = /bin/sh;
			shellScript = "diff \"${PODS_PODFILE_DIR_PATH}/Podfile.lock\" \"${PODS_ROOT}/Manifest.lock\" > /dev/null\nif [ $? != 0 ] ; then\n    # print error to STDERR\n    echo \"error: The sandbox is not in sync with the Podfile.lock. Run 'pod install' or update your CocoaPods installation.\" >&2\n    exit 1\nfi\n# This output is used by Xcode 'outputs' to avoid re-running this script phase.\necho \"SUCCESS\" > \"${SCRIPT_OUTPUT_FILE_0}\"\n";
			showEnvVarsInLog = 0;
		};
/* End PBXShellScriptBuildPhase section */

/* Begin PBXSourcesBuildPhase section */
		D4543F3420BE351A00D9F242 /* Sources */ = {
			isa = PBXSourcesBuildPhase;
			buildActionMask = 2147483647;
			files = (
				D4543F4020BE351A00D9F242 /* ViewController.swift in Sources */,
				D417967320C96476008AAD49 /* ARView.swift in Sources */,
				D417967120C9626B008AAD49 /* TableView.swift in Sources */,
				D4543F3C20BE351A00D9F242 /* AppDelegate.swift in Sources */,
			);
			runOnlyForDeploymentPostprocessing = 0;
		};
		D4543F4A20BE351B00D9F242 /* Sources */ = {
			isa = PBXSourcesBuildPhase;
			buildActionMask = 2147483647;
			files = (
				D4543F5320BE351B00D9F242 /* Pikachu_VolleyBallTests.swift in Sources */,
			);
			runOnlyForDeploymentPostprocessing = 0;
		};
		D4543F5520BE351B00D9F242 /* Sources */ = {
			isa = PBXSourcesBuildPhase;
			buildActionMask = 2147483647;
			files = (
				D4543F5E20BE351B00D9F242 /* Pikachu_VolleyBallUITests.swift in Sources */,
			);
			runOnlyForDeploymentPostprocessing = 0;
		};
/* End PBXSourcesBuildPhase section */

/* Begin PBXTargetDependency section */
		D4543F5020BE351B00D9F242 /* PBXTargetDependency */ = {
			isa = PBXTargetDependency;
			target = D4543F3720BE351A00D9F242 /* Pikachu_VolleyBall */;
			targetProxy = D4543F4F20BE351B00D9F242 /* PBXContainerItemProxy */;
		};
		D4543F5B20BE351B00D9F242 /* PBXTargetDependency */ = {
			isa = PBXTargetDependency;
			target = D4543F3720BE351A00D9F242 /* Pikachu_VolleyBall */;
			targetProxy = D4543F5A20BE351B00D9F242 /* PBXContainerItemProxy */;
		};
/* End PBXTargetDependency section */

/* Begin PBXVariantGroup section */
		D4543F4120BE351A00D9F242 /* Main.storyboard */ = {
			isa = PBXVariantGroup;
			children = (
				D4543F4220BE351A00D9F242 /* Base */,
			);
			name = Main.storyboard;
			sourceTree = "<group>";
		};
		D4543F4620BE351B00D9F242 /* LaunchScreen.storyboard */ = {
			isa = PBXVariantGroup;
			children = (
				D4543F4720BE351B00D9F242 /* Base */,
			);
			name = LaunchScreen.storyboard;
			sourceTree = "<group>";
		};
/* End PBXVariantGroup section */

/* Begin XCBuildConfiguration section */
		D4543F6020BE351B00D9F242 /* Debug */ = {
			isa = XCBuildConfiguration;
			buildSettings = {
				ALWAYS_SEARCH_USER_PATHS = NO;
				CLANG_ANALYZER_NONNULL = YES;
				CLANG_ANALYZER_NUMBER_OBJECT_CONVERSION = YES_AGGRESSIVE;
				CLANG_CXX_LANGUAGE_STANDARD = "gnu++14";
				CLANG_CXX_LIBRARY = "libc++";
				CLANG_ENABLE_MODULES = YES;
				CLANG_ENABLE_OBJC_ARC = YES;
				CLANG_ENABLE_OBJC_WEAK = YES;
				CLANG_WARN_BLOCK_CAPTURE_AUTORELEASING = YES;
				CLANG_WARN_BOOL_CONVERSION = YES;
				CLANG_WARN_COMMA = YES;
				CLANG_WARN_CONSTANT_CONVERSION = YES;
				CLANG_WARN_DEPRECATED_OBJC_IMPLEMENTATIONS = YES;
				CLANG_WARN_DIRECT_OBJC_ISA_USAGE = YES_ERROR;
				CLANG_WARN_DOCUMENTATION_COMMENTS = YES;
				CLANG_WARN_EMPTY_BODY = YES;
				CLANG_WARN_ENUM_CONVERSION = YES;
				CLANG_WARN_INFINITE_RECURSION = YES;
				CLANG_WARN_INT_CONVERSION = YES;
				CLANG_WARN_NON_LITERAL_NULL_CONVERSION = YES;
				CLANG_WARN_OBJC_IMPLICIT_RETAIN_SELF = YES;
				CLANG_WARN_OBJC_LITERAL_CONVERSION = YES;
				CLANG_WARN_OBJC_ROOT_CLASS = YES_ERROR;
				CLANG_WARN_RANGE_LOOP_ANALYSIS = YES;
				CLANG_WARN_STRICT_PROTOTYPES = YES;
				CLANG_WARN_SUSPICIOUS_MOVE = YES;
				CLANG_WARN_UNGUARDED_AVAILABILITY = YES_AGGRESSIVE;
				CLANG_WARN_UNREACHABLE_CODE = YES;
				CLANG_WARN__DUPLICATE_METHOD_MATCH = YES;
				CODE_SIGN_IDENTITY = "iPhone Developer";
				COPY_PHASE_STRIP = NO;
				DEBUG_INFORMATION_FORMAT = dwarf;
				ENABLE_STRICT_OBJC_MSGSEND = YES;
				ENABLE_TESTABILITY = YES;
				GCC_C_LANGUAGE_STANDARD = gnu11;
				GCC_DYNAMIC_NO_PIC = NO;
				GCC_NO_COMMON_BLOCKS = YES;
				GCC_OPTIMIZATION_LEVEL = 0;
				GCC_PREPROCESSOR_DEFINITIONS = (
					"DEBUG=1",
					"$(inherited)",
				);
				GCC_WARN_64_TO_32_BIT_CONVERSION = YES;
				GCC_WARN_ABOUT_RETURN_TYPE = YES_ERROR;
				GCC_WARN_UNDECLARED_SELECTOR = YES;
				GCC_WARN_UNINITIALIZED_AUTOS = YES_AGGRESSIVE;
				GCC_WARN_UNUSED_FUNCTION = YES;
				GCC_WARN_UNUSED_VARIABLE = YES;
				IPHONEOS_DEPLOYMENT_TARGET = 11.3;
				MTL_ENABLE_DEBUG_INFO = YES;
				ONLY_ACTIVE_ARCH = YES;
				SDKROOT = iphoneos;
				SWIFT_ACTIVE_COMPILATION_CONDITIONS = DEBUG;
				SWIFT_OPTIMIZATION_LEVEL = "-Onone";
			};
			name = Debug;
		};
		D4543F6120BE351B00D9F242 /* Release */ = {
			isa = XCBuildConfiguration;
			buildSettings = {
				ALWAYS_SEARCH_USER_PATHS = NO;
				CLANG_ANALYZER_NONNULL = YES;
				CLANG_ANALYZER_NUMBER_OBJECT_CONVERSION = YES_AGGRESSIVE;
				CLANG_CXX_LANGUAGE_STANDARD = "gnu++14";
				CLANG_CXX_LIBRARY = "libc++";
				CLANG_ENABLE_MODULES = YES;
				CLANG_ENABLE_OBJC_ARC = YES;
				CLANG_ENABLE_OBJC_WEAK = YES;
				CLANG_WARN_BLOCK_CAPTURE_AUTORELEASING = YES;
				CLANG_WARN_BOOL_CONVERSION = YES;
				CLANG_WARN_COMMA = YES;
				CLANG_WARN_CONSTANT_CONVERSION = YES;
				CLANG_WARN_DEPRECATED_OBJC_IMPLEMENTATIONS = YES;
				CLANG_WARN_DIRECT_OBJC_ISA_USAGE = YES_ERROR;
				CLANG_WARN_DOCUMENTATION_COMMENTS = YES;
				CLANG_WARN_EMPTY_BODY = YES;
				CLANG_WARN_ENUM_CONVERSION = YES;
				CLANG_WARN_INFINITE_RECURSION = YES;
				CLANG_WARN_INT_CONVERSION = YES;
				CLANG_WARN_NON_LITERAL_NULL_CONVERSION = YES;
				CLANG_WARN_OBJC_IMPLICIT_RETAIN_SELF = YES;
				CLANG_WARN_OBJC_LITERAL_CONVERSION = YES;
				CLANG_WARN_OBJC_ROOT_CLASS = YES_ERROR;
				CLANG_WARN_RANGE_LOOP_ANALYSIS = YES;
				CLANG_WARN_STRICT_PROTOTYPES = YES;
				CLANG_WARN_SUSPICIOUS_MOVE = YES;
				CLANG_WARN_UNGUARDED_AVAILABILITY = YES_AGGRESSIVE;
				CLANG_WARN_UNREACHABLE_CODE = YES;
				CLANG_WARN__DUPLICATE_METHOD_MATCH = YES;
				CODE_SIGN_IDENTITY = "iPhone Developer";
				COPY_PHASE_STRIP = NO;
				DEBUG_INFORMATION_FORMAT = "dwarf-with-dsym";
				ENABLE_NS_ASSERTIONS = NO;
				ENABLE_STRICT_OBJC_MSGSEND = YES;
				GCC_C_LANGUAGE_STANDARD = gnu11;
				GCC_NO_COMMON_BLOCKS = YES;
				GCC_WARN_64_TO_32_BIT_CONVERSION = YES;
				GCC_WARN_ABOUT_RETURN_TYPE = YES_ERROR;
				GCC_WARN_UNDECLARED_SELECTOR = YES;
				GCC_WARN_UNINITIALIZED_AUTOS = YES_AGGRESSIVE;
				GCC_WARN_UNUSED_FUNCTION = YES;
				GCC_WARN_UNUSED_VARIABLE = YES;
				IPHONEOS_DEPLOYMENT_TARGET = 11.3;
				MTL_ENABLE_DEBUG_INFO = NO;
				SDKROOT = iphoneos;
				SWIFT_COMPILATION_MODE = wholemodule;
				SWIFT_OPTIMIZATION_LEVEL = "-O";
				VALIDATE_PRODUCT = YES;
			};
			name = Release;
		};
		D4543F6320BE351B00D9F242 /* Debug */ = {
			isa = XCBuildConfiguration;
			baseConfigurationReference = BFED25C16751163DA8847C26 /* Pods-Pikachu_VolleyBall.debug.xcconfig */;
			buildSettings = {
				ASSETCATALOG_COMPILER_APPICON_NAME = AppIcon;
				CODE_SIGN_STYLE = Automatic;
				DEVELOPMENT_TEAM = DSL2NF846M;
				INFOPLIST_FILE = Pikachu_VolleyBall/Info.plist;
				LD_RUNPATH_SEARCH_PATHS = (
					"$(inherited)",
					"@executable_path/Frameworks",
				);
				PRODUCT_BUNDLE_IDENTIFIER = "cx617.Pikachu-VolleyBall";
				PRODUCT_NAME = "$(TARGET_NAME)";
				SWIFT_VERSION = 4.0;
				TARGETED_DEVICE_FAMILY = "1,2";
			};
			name = Debug;
		};
		D4543F6420BE351B00D9F242 /* Release */ = {
			isa = XCBuildConfiguration;
			baseConfigurationReference = 0FE2C54D645010D9AED28FDE /* Pods-Pikachu_VolleyBall.release.xcconfig */;
			buildSettings = {
				ASSETCATALOG_COMPILER_APPICON_NAME = AppIcon;
				CODE_SIGN_STYLE = Automatic;
				DEVELOPMENT_TEAM = DSL2NF846M;
				INFOPLIST_FILE = Pikachu_VolleyBall/Info.plist;
				LD_RUNPATH_SEARCH_PATHS = (
					"$(inherited)",
					"@executable_path/Frameworks",
				);
				PRODUCT_BUNDLE_IDENTIFIER = "cx617.Pikachu-VolleyBall";
				PRODUCT_NAME = "$(TARGET_NAME)";
				SWIFT_VERSION = 4.0;
				TARGETED_DEVICE_FAMILY = "1,2";
			};
			name = Release;
		};
		D4543F6620BE351B00D9F242 /* Debug */ = {
			isa = XCBuildConfiguration;
			baseConfigurationReference = 0FBED5B9BD0BB1BE54B4F76A /* Pods-Pikachu_VolleyBallTests.debug.xcconfig */;
			buildSettings = {
				ALWAYS_EMBED_SWIFT_STANDARD_LIBRARIES = YES;
				BUNDLE_LOADER = "$(TEST_HOST)";
				CODE_SIGN_STYLE = Automatic;
				DEVELOPMENT_TEAM = DSL2NF846M;
				INFOPLIST_FILE = Pikachu_VolleyBallTests/Info.plist;
				LD_RUNPATH_SEARCH_PATHS = (
					"$(inherited)",
					"@executable_path/Frameworks",
					"@loader_path/Frameworks",
				);
				PRODUCT_BUNDLE_IDENTIFIER = "cx617.Pikachu-VolleyBallTests";
				PRODUCT_NAME = "$(TARGET_NAME)";
				SWIFT_VERSION = 4.0;
				TARGETED_DEVICE_FAMILY = "1,2";
				TEST_HOST = "$(BUILT_PRODUCTS_DIR)/Pikachu_VolleyBall.app/Pikachu_VolleyBall";
			};
			name = Debug;
		};
		D4543F6720BE351B00D9F242 /* Release */ = {
			isa = XCBuildConfiguration;
			baseConfigurationReference = DD55BDBE2E72B3D61BD1439E /* Pods-Pikachu_VolleyBallTests.release.xcconfig */;
			buildSettings = {
				ALWAYS_EMBED_SWIFT_STANDARD_LIBRARIES = YES;
				BUNDLE_LOADER = "$(TEST_HOST)";
				CODE_SIGN_STYLE = Automatic;
				DEVELOPMENT_TEAM = DSL2NF846M;
				INFOPLIST_FILE = Pikachu_VolleyBallTests/Info.plist;
				LD_RUNPATH_SEARCH_PATHS = (
					"$(inherited)",
					"@executable_path/Frameworks",
					"@loader_path/Frameworks",
				);
				PRODUCT_BUNDLE_IDENTIFIER = "cx617.Pikachu-VolleyBallTests";
				PRODUCT_NAME = "$(TARGET_NAME)";
				SWIFT_VERSION = 4.0;
				TARGETED_DEVICE_FAMILY = "1,2";
				TEST_HOST = "$(BUILT_PRODUCTS_DIR)/Pikachu_VolleyBall.app/Pikachu_VolleyBall";
			};
			name = Release;
		};
		D4543F6920BE351B00D9F242 /* Debug */ = {
			isa = XCBuildConfiguration;
			baseConfigurationReference = 18D44FF79B07C605AD23342D /* Pods-Pikachu_VolleyBallUITests.debug.xcconfig */;
			buildSettings = {
				ALWAYS_EMBED_SWIFT_STANDARD_LIBRARIES = YES;
				CODE_SIGN_STYLE = Automatic;
				DEVELOPMENT_TEAM = DSL2NF846M;
				INFOPLIST_FILE = Pikachu_VolleyBallUITests/Info.plist;
				LD_RUNPATH_SEARCH_PATHS = (
					"$(inherited)",
					"@executable_path/Frameworks",
					"@loader_path/Frameworks",
				);
				PRODUCT_BUNDLE_IDENTIFIER = "cx617.Pikachu-VolleyBallUITests";
				PRODUCT_NAME = "$(TARGET_NAME)";
				SWIFT_VERSION = 4.0;
				TARGETED_DEVICE_FAMILY = "1,2";
				TEST_TARGET_NAME = Pikachu_VolleyBall;
			};
			name = Debug;
		};
		D4543F6A20BE351B00D9F242 /* Release */ = {
			isa = XCBuildConfiguration;
			baseConfigurationReference = 3C9BF0936EA780979B7326E2 /* Pods-Pikachu_VolleyBallUITests.release.xcconfig */;
			buildSettings = {
				ALWAYS_EMBED_SWIFT_STANDARD_LIBRARIES = YES;
				CODE_SIGN_STYLE = Automatic;
				DEVELOPMENT_TEAM = DSL2NF846M;
				INFOPLIST_FILE = Pikachu_VolleyBallUITests/Info.plist;
				LD_RUNPATH_SEARCH_PATHS = (
					"$(inherited)",
					"@executable_path/Frameworks",
					"@loader_path/Frameworks",
				);
				PRODUCT_BUNDLE_IDENTIFIER = "cx617.Pikachu-VolleyBallUITests";
				PRODUCT_NAME = "$(TARGET_NAME)";
				SWIFT_VERSION = 4.0;
				TARGETED_DEVICE_FAMILY = "1,2";
				TEST_TARGET_NAME = Pikachu_VolleyBall;
			};
			name = Release;
		};
/* End XCBuildConfiguration section */

/* Begin XCConfigurationList section */
		D4543F3320BE351900D9F242 /* Build configuration list for PBXProject "Pikachu_VolleyBall" */ = {
			isa = XCConfigurationList;
			buildConfigurations = (
				D4543F6020BE351B00D9F242 /* Debug */,
				D4543F6120BE351B00D9F242 /* Release */,
			);
			defaultConfigurationIsVisible = 0;
			defaultConfigurationName = Release;
		};
		D4543F6220BE351B00D9F242 /* Build configuration list for PBXNativeTarget "Pikachu_VolleyBall" */ = {
			isa = XCConfigurationList;
			buildConfigurations = (
				D4543F6320BE351B00D9F242 /* Debug */,
				D4543F6420BE351B00D9F242 /* Release */,
			);
			defaultConfigurationIsVisible = 0;
			defaultConfigurationName = Release;
		};
		D4543F6520BE351B00D9F242 /* Build configuration list for PBXNativeTarget "Pikachu_VolleyBallTests" */ = {
			isa = XCConfigurationList;
			buildConfigurations = (
				D4543F6620BE351B00D9F242 /* Debug */,
				D4543F6720BE351B00D9F242 /* Release */,
			);
			defaultConfigurationIsVisible = 0;
			defaultConfigurationName = Release;
		};
		D4543F6820BE351B00D9F242 /* Build configuration list for PBXNativeTarget "Pikachu_VolleyBallUITests" */ = {
			isa = XCConfigurationList;
			buildConfigurations = (
				D4543F6920BE351B00D9F242 /* Debug */,
				D4543F6A20BE351B00D9F242 /* Release */,
			);
			defaultConfigurationIsVisible = 0;
			defaultConfigurationName = Release;
		};
/* End XCConfigurationList section */
	};
	rootObject = D4543F3020BE351900D9F242 /* Project object */;
}
