// !$*UTF8*$!
{
	archiveVersion = 1;
	classes = {
	};
	objectVersion = 50;
	objects = {

/* Begin PBXBuildFile section */
		2D9E7F87742EAF42314F466E /* Pods_BasketballUITests.framework in Frameworks */ = {isa = PBXBuildFile; fileRef = 3313BCD688D048B951708577 /* Pods_BasketballUITests.framework */; };
		46CFF35AF6CC610E7763DDA8 /* Pods_Basketball.framework in Frameworks */ = {isa = PBXBuildFile; fileRef = A4FD07D3BC9BDFCCF703055D /* Pods_Basketball.framework */; };
		B2BAA9CCBD18A0BF45F9A34F /* Pods_BasketballTests.framework in Frameworks */ = {isa = PBXBuildFile; fileRef = 567A5CA146330E033FD71C15 /* Pods_BasketballTests.framework */; };
		D46A4C6520BD6A2600E362E7 /* ViewController.swift in Sources */ = {isa = PBXBuildFile; fileRef = D46A4C6420BD6A2600E362E7 /* ViewController.swift */; };
		D46A4C6820BDB2B000E362E7 /* enter.png in Resources */ = {isa = PBXBuildFile; fileRef = D46A4C6720BDB2B000E362E7 /* enter.png */; };
		D47C8F5720B463A500568CAE /* AppDelegate.swift in Sources */ = {isa = PBXBuildFile; fileRef = D47C8F5620B463A500568CAE /* AppDelegate.swift */; };
		D47C8F5920B463A500568CAE /* art.scnassets in Resources */ = {isa = PBXBuildFile; fileRef = D47C8F5820B463A500568CAE /* art.scnassets */; };
		D47C8F6020B463A600568CAE /* Assets.xcassets in Resources */ = {isa = PBXBuildFile; fileRef = D47C8F5F20B463A600568CAE /* Assets.xcassets */; };
		D47C8F6320B463A600568CAE /* LaunchScreen.storyboard in Resources */ = {isa = PBXBuildFile; fileRef = D47C8F6120B463A600568CAE /* LaunchScreen.storyboard */; };
		D47C8F6E20B463A600568CAE /* BasketballTests.swift in Sources */ = {isa = PBXBuildFile; fileRef = D47C8F6D20B463A600568CAE /* BasketballTests.swift */; };
		D47C8F7920B463A600568CAE /* BasketballUITests.swift in Sources */ = {isa = PBXBuildFile; fileRef = D47C8F7820B463A600568CAE /* BasketballUITests.swift */; };
		D47E6ABB20BFA45800740850 /* ARViewController.swift in Sources */ = {isa = PBXBuildFile; fileRef = D47E6ABA20BFA45800740850 /* ARViewController.swift */; };
		D4ADEC9720B511DD0072C8D7 /* Main.storyboard in Resources */ = {isa = PBXBuildFile; fileRef = D4ADEC9620B511DC0072C8D7 /* Main.storyboard */; };
		D4FEE88920BE385D0005D5D1 /* GoogleService-Info.plist in Resources */ = {isa = PBXBuildFile; fileRef = D4FEE88820BE385D0005D5D1 /* GoogleService-Info.plist */; };
		D4FEE88D20BEABB60005D5D1 /* UserTable.swift in Sources */ = {isa = PBXBuildFile; fileRef = D4FEE88C20BEABB60005D5D1 /* UserTable.swift */; };
/* End PBXBuildFile section */

/* Begin PBXContainerItemProxy section */
		D47C8F6A20B463A600568CAE /* PBXContainerItemProxy */ = {
			isa = PBXContainerItemProxy;
			containerPortal = D47C8F4B20B463A500568CAE /* Project object */;
			proxyType = 1;
			remoteGlobalIDString = D47C8F5220B463A500568CAE;
			remoteInfo = Basketball;
		};
		D47C8F7520B463A600568CAE /* PBXContainerItemProxy */ = {
			isa = PBXContainerItemProxy;
			containerPortal = D47C8F4B20B463A500568CAE /* Project object */;
			proxyType = 1;
			remoteGlobalIDString = D47C8F5220B463A500568CAE;
			remoteInfo = Basketball;
		};
/* End PBXContainerItemProxy section */

/* Begin PBXFileReference section */
		3313BCD688D048B951708577 /* Pods_BasketballUITests.framework */ = {isa = PBXFileReference; explicitFileType = wrapper.framework; includeInIndex = 0; path = Pods_BasketballUITests.framework; sourceTree = BUILT_PRODUCTS_DIR; };
		567A5CA146330E033FD71C15 /* Pods_BasketballTests.framework */ = {isa = PBXFileReference; explicitFileType = wrapper.framework; includeInIndex = 0; path = Pods_BasketballTests.framework; sourceTree = BUILT_PRODUCTS_DIR; };
		5C9632B5D0CDFE0BBFDAF615 /* Pods-BasketballUITests.release.xcconfig */ = {isa = PBXFileReference; includeInIndex = 1; lastKnownFileType = text.xcconfig; name = "Pods-BasketballUITests.release.xcconfig"; path = "Pods/Target Support Files/Pods-BasketballUITests/Pods-BasketballUITests.release.xcconfig"; sourceTree = "<group>"; };
		A4FD07D3BC9BDFCCF703055D /* Pods_Basketball.framework */ = {isa = PBXFileReference; explicitFileType = wrapper.framework; includeInIndex = 0; path = Pods_Basketball.framework; sourceTree = BUILT_PRODUCTS_DIR; };
		AC3D2BE5CE73237B56413D87 /* Pods-BasketballTests.debug.xcconfig */ = {isa = PBXFileReference; includeInIndex = 1; lastKnownFileType = text.xcconfig; name = "Pods-BasketballTests.debug.xcconfig"; path = "Pods/Target Support Files/Pods-BasketballTests/Pods-BasketballTests.debug.xcconfig"; sourceTree = "<group>"; };
		B79FA201E53B586D7C2ABBCA /* Pods-Basketball.debug.xcconfig */ = {isa = PBXFileReference; includeInIndex = 1; lastKnownFileType = text.xcconfig; name = "Pods-Basketball.debug.xcconfig"; path = "Pods/Target Support Files/Pods-Basketball/Pods-Basketball.debug.xcconfig"; sourceTree = "<group>"; };
		B98EE1C7323A55095B3A2A0E /* Pods-BasketballTests.release.xcconfig */ = {isa = PBXFileReference; includeInIndex = 1; lastKnownFileType = text.xcconfig; name = "Pods-BasketballTests.release.xcconfig"; path = "Pods/Target Support Files/Pods-BasketballTests/Pods-BasketballTests.release.xcconfig"; sourceTree = "<group>"; };
		D46A4C6420BD6A2600E362E7 /* ViewController.swift */ = {isa = PBXFileReference; lastKnownFileType = sourcecode.swift; path = ViewController.swift; sourceTree = "<group>"; };
		D46A4C6720BDB2B000E362E7 /* enter.png */ = {isa = PBXFileReference; lastKnownFileType = image.png; path = enter.png; sourceTree = "<group>"; };
		D47C8F5320B463A500568CAE /* Basketball.app */ = {isa = PBXFileReference; explicitFileType = wrapper.application; includeInIndex = 0; path = Basketball.app; sourceTree = BUILT_PRODUCTS_DIR; };
		D47C8F5620B463A500568CAE /* AppDelegate.swift */ = {isa = PBXFileReference; lastKnownFileType = sourcecode.swift; path = AppDelegate.swift; sourceTree = "<group>"; };
		D47C8F5820B463A500568CAE /* art.scnassets */ = {isa = PBXFileReference; lastKnownFileType = wrapper.scnassets; path = art.scnassets; sourceTree = "<group>"; };
		D47C8F5F20B463A600568CAE /* Assets.xcassets */ = {isa = PBXFileReference; lastKnownFileType = folder.assetcatalog; path = Assets.xcassets; sourceTree = "<group>"; };
		D47C8F6220B463A600568CAE /* Base */ = {isa = PBXFileReference; lastKnownFileType = file.storyboard; name = Base; path = Base.lproj/LaunchScreen.storyboard; sourceTree = "<group>"; };
		D47C8F6420B463A600568CAE /* Info.plist */ = {isa = PBXFileReference; lastKnownFileType = text.plist.xml; path = Info.plist; sourceTree = "<group>"; };
		D47C8F6920B463A600568CAE /* BasketballTests.xctest */ = {isa = PBXFileReference; explicitFileType = wrapper.cfbundle; includeInIndex = 0; path = BasketballTests.xctest; sourceTree = BUILT_PRODUCTS_DIR; };
		D47C8F6D20B463A600568CAE /* BasketballTests.swift */ = {isa = PBXFileReference; lastKnownFileType = sourcecode.swift; path = BasketballTests.swift; sourceTree = "<group>"; };
		D47C8F6F20B463A600568CAE /* Info.plist */ = {isa = PBXFileReference; lastKnownFileType = text.plist.xml; path = Info.plist; sourceTree = "<group>"; };
		D47C8F7420B463A600568CAE /* BasketballUITests.xctest */ = {isa = PBXFileReference; explicitFileType = wrapper.cfbundle; includeInIndex = 0; path = BasketballUITests.xctest; sourceTree = BUILT_PRODUCTS_DIR; };
		D47C8F7820B463A600568CAE /* BasketballUITests.swift */ = {isa = PBXFileReference; lastKnownFileType = sourcecode.swift; path = BasketballUITests.swift; sourceTree = "<group>"; };
		D47C8F7A20B463A600568CAE /* Info.plist */ = {isa = PBXFileReference; lastKnownFileType = text.plist.xml; path = Info.plist; sourceTree = "<group>"; };
		D47E6ABA20BFA45800740850 /* ARViewController.swift */ = {isa = PBXFileReference; lastKnownFileType = sourcecode.swift; path = ARViewController.swift; sourceTree = "<group>"; };
		D4ADEC9620B511DC0072C8D7 /* Main.storyboard */ = {isa = PBXFileReference; fileEncoding = 4; lastKnownFileType = file.storyboard; path = Main.storyboard; sourceTree = "<group>"; };
		D4FEE88820BE385D0005D5D1 /* GoogleService-Info.plist */ = {isa = PBXFileReference; fileEncoding = 4; lastKnownFileType = text.plist.xml; path = "GoogleService-Info.plist"; sourceTree = "<group>"; };
		D4FEE88C20BEABB60005D5D1 /* UserTable.swift */ = {isa = PBXFileReference; lastKnownFileType = sourcecode.swift; path = UserTable.swift; sourceTree = "<group>"; };
		EA203BF6C2DE1CCB15F2B0E3 /* Pods-BasketballUITests.debug.xcconfig */ = {isa = PBXFileReference; includeInIndex = 1; lastKnownFileType = text.xcconfig; name = "Pods-BasketballUITests.debug.xcconfig"; path = "Pods/Target Support Files/Pods-BasketballUITests/Pods-BasketballUITests.debug.xcconfig"; sourceTree = "<group>"; };
		FB24113912945D5C7127E199 /* Pods-Basketball.release.xcconfig */ = {isa = PBXFileReference; includeInIndex = 1; lastKnownFileType = text.xcconfig; name = "Pods-Basketball.release.xcconfig"; path = "Pods/Target Support Files/Pods-Basketball/Pods-Basketball.release.xcconfig"; sourceTree = "<group>"; };
/* End PBXFileReference section */

/* Begin PBXFrameworksBuildPhase section */
		D47C8F5020B463A500568CAE /* Frameworks */ = {
			isa = PBXFrameworksBuildPhase;
			buildActionMask = 2147483647;
			files = (
				46CFF35AF6CC610E7763DDA8 /* Pods_Basketball.framework in Frameworks */,
			);
			runOnlyForDeploymentPostprocessing = 0;
		};
		D47C8F6620B463A600568CAE /* Frameworks */ = {
			isa = PBXFrameworksBuildPhase;
			buildActionMask = 2147483647;
			files = (
				B2BAA9CCBD18A0BF45F9A34F /* Pods_BasketballTests.framework in Frameworks */,
			);
			runOnlyForDeploymentPostprocessing = 0;
		};
		D47C8F7120B463A600568CAE /* Frameworks */ = {
			isa = PBXFrameworksBuildPhase;
			buildActionMask = 2147483647;
			files = (
				2D9E7F87742EAF42314F466E /* Pods_BasketballUITests.framework in Frameworks */,
			);
			runOnlyForDeploymentPostprocessing = 0;
		};
/* End PBXFrameworksBuildPhase section */

/* Begin PBXGroup section */
		7F021EF927155BA832B65D03 /* Pods */ = {
			isa = PBXGroup;
			children = (
				B79FA201E53B586D7C2ABBCA /* Pods-Basketball.debug.xcconfig */,
				FB24113912945D5C7127E199 /* Pods-Basketball.release.xcconfig */,
				AC3D2BE5CE73237B56413D87 /* Pods-BasketballTests.debug.xcconfig */,
				B98EE1C7323A55095B3A2A0E /* Pods-BasketballTests.release.xcconfig */,
				EA203BF6C2DE1CCB15F2B0E3 /* Pods-BasketballUITests.debug.xcconfig */,
				5C9632B5D0CDFE0BBFDAF615 /* Pods-BasketballUITests.release.xcconfig */,
			);
			name = Pods;
			sourceTree = "<group>";
		};
		D46A4C6620BDB26D00E362E7 /* image */ = {
			isa = PBXGroup;
			children = (
				D46A4C6720BDB2B000E362E7 /* enter.png */,
			);
			path = image;
			sourceTree = "<group>";
		};
		D47C8F4A20B463A500568CAE = {
			isa = PBXGroup;
			children = (
				D47C8F5520B463A500568CAE /* Basketball */,
				D47C8F6C20B463A600568CAE /* BasketballTests */,
				D47C8F7720B463A600568CAE /* BasketballUITests */,
				D47C8F5420B463A500568CAE /* Products */,
				7F021EF927155BA832B65D03 /* Pods */,
				D6370990CA6AA1388AE2B6E4 /* Frameworks */,
			);
			sourceTree = "<group>";
		};
		D47C8F5420B463A500568CAE /* Products */ = {
			isa = PBXGroup;
			children = (
				D47C8F5320B463A500568CAE /* Basketball.app */,
				D47C8F6920B463A600568CAE /* BasketballTests.xctest */,
				D47C8F7420B463A600568CAE /* BasketballUITests.xctest */,
			);
			name = Products;
			sourceTree = "<group>";
		};
		D47C8F5520B463A500568CAE /* Basketball */ = {
			isa = PBXGroup;
			children = (
				D4FEE88820BE385D0005D5D1 /* GoogleService-Info.plist */,
				D46A4C6620BDB26D00E362E7 /* image */,
				D4ADEC9620B511DC0072C8D7 /* Main.storyboard */,
				D47E6ABA20BFA45800740850 /* ARViewController.swift */,
				D47C8F5620B463A500568CAE /* AppDelegate.swift */,
				D47C8F5820B463A500568CAE /* art.scnassets */,
				D47C8F5F20B463A600568CAE /* Assets.xcassets */,
				D47C8F6120B463A600568CAE /* LaunchScreen.storyboard */,
				D47C8F6420B463A600568CAE /* Info.plist */,
				D46A4C6420BD6A2600E362E7 /* ViewController.swift */,
				D4FEE88C20BEABB60005D5D1 /* UserTable.swift */,
			);
			path = Basketball;
			sourceTree = "<group>";
		};
		D47C8F6C20B463A600568CAE /* BasketballTests */ = {
			isa = PBXGroup;
			children = (
				D47C8F6D20B463A600568CAE /* BasketballTests.swift */,
				D47C8F6F20B463A600568CAE /* Info.plist */,
			);
			path = BasketballTests;
			sourceTree = "<group>";
		};
		D47C8F7720B463A600568CAE /* BasketballUITests */ = {
			isa = PBXGroup;
			children = (
				D47C8F7820B463A600568CAE /* BasketballUITests.swift */,
				D47C8F7A20B463A600568CAE /* Info.plist */,
			);
			path = BasketballUITests;
			sourceTree = "<group>";
		};
		D6370990CA6AA1388AE2B6E4 /* Frameworks */ = {
			isa = PBXGroup;
			children = (
				A4FD07D3BC9BDFCCF703055D /* Pods_Basketball.framework */,
				567A5CA146330E033FD71C15 /* Pods_BasketballTests.framework */,
				3313BCD688D048B951708577 /* Pods_BasketballUITests.framework */,
			);
			name = Frameworks;
			sourceTree = "<group>";
		};
/* End PBXGroup section */

/* Begin PBXNativeTarget section */
		D47C8F5220B463A500568CAE /* Basketball */ = {
			isa = PBXNativeTarget;
			buildConfigurationList = D47C8F7D20B463A600568CAE /* Build configuration list for PBXNativeTarget "Basketball" */;
			buildPhases = (
				ADBF473DBF6800F813C9BC85 /* [CP] Check Pods Manifest.lock */,
				D47C8F4F20B463A500568CAE /* Sources */,
				D47C8F5020B463A500568CAE /* Frameworks */,
				D47C8F5120B463A500568CAE /* Resources */,
				3F33E10DCAA7F8169F9DE2F3 /* [CP] Embed Pods Frameworks */,
			);
			buildRules = (
			);
			dependencies = (
			);
			name = Basketball;
			productName = Basketball;
			productReference = D47C8F5320B463A500568CAE /* Basketball.app */;
			productType = "com.apple.product-type.application";
		};
		D47C8F6820B463A600568CAE /* BasketballTests */ = {
			isa = PBXNativeTarget;
			buildConfigurationList = D47C8F8020B463A600568CAE /* Build configuration list for PBXNativeTarget "BasketballTests" */;
			buildPhases = (
				DEE2AC62AA17561B118C8A63 /* [CP] Check Pods Manifest.lock */,
				D47C8F6520B463A600568CAE /* Sources */,
				D47C8F6620B463A600568CAE /* Frameworks */,
				D47C8F6720B463A600568CAE /* Resources */,
			);
			buildRules = (
			);
			dependencies = (
				D47C8F6B20B463A600568CAE /* PBXTargetDependency */,
			);
			name = BasketballTests;
			productName = BasketballTests;
			productReference = D47C8F6920B463A600568CAE /* BasketballTests.xctest */;
			productType = "com.apple.product-type.bundle.unit-test";
		};
		D47C8F7320B463A600568CAE /* BasketballUITests */ = {
			isa = PBXNativeTarget;
			buildConfigurationList = D47C8F8320B463A600568CAE /* Build configuration list for PBXNativeTarget "BasketballUITests" */;
			buildPhases = (
				6834732035EFECD0B6C44AF1 /* [CP] Check Pods Manifest.lock */,
				D47C8F7020B463A600568CAE /* Sources */,
				D47C8F7120B463A600568CAE /* Frameworks */,
				D47C8F7220B463A600568CAE /* Resources */,
			);
			buildRules = (
			);
			dependencies = (
				D47C8F7620B463A600568CAE /* PBXTargetDependency */,
			);
			name = BasketballUITests;
			productName = BasketballUITests;
			productReference = D47C8F7420B463A600568CAE /* BasketballUITests.xctest */;
			productType = "com.apple.product-type.bundle.ui-testing";
		};
/* End PBXNativeTarget section */

/* Begin PBXProject section */
		D47C8F4B20B463A500568CAE /* Project object */ = {
			isa = PBXProject;
			attributes = {
				LastSwiftUpdateCheck = 0930;
				LastUpgradeCheck = 0930;
				ORGANIZATIONNAME = "廖莉祺";
				TargetAttributes = {
					D47C8F5220B463A500568CAE = {
						CreatedOnToolsVersion = 9.3.1;
					};
					D47C8F6820B463A600568CAE = {
						CreatedOnToolsVersion = 9.3.1;
						TestTargetID = D47C8F5220B463A500568CAE;
					};
					D47C8F7320B463A600568CAE = {
						CreatedOnToolsVersion = 9.3.1;
						TestTargetID = D47C8F5220B463A500568CAE;
					};
				};
			};
			buildConfigurationList = D47C8F4E20B463A500568CAE /* Build configuration list for PBXProject "Basketball" */;
			compatibilityVersion = "Xcode 9.3";
			developmentRegion = en;
			hasScannedForEncodings = 0;
			knownRegions = (
				en,
				Base,
			);
			mainGroup = D47C8F4A20B463A500568CAE;
			productRefGroup = D47C8F5420B463A500568CAE /* Products */;
			projectDirPath = "";
			projectRoot = "";
			targets = (
				D47C8F5220B463A500568CAE /* Basketball */,
				D47C8F6820B463A600568CAE /* BasketballTests */,
				D47C8F7320B463A600568CAE /* BasketballUITests */,
			);
		};
/* End PBXProject section */

/* Begin PBXResourcesBuildPhase section */
		D47C8F5120B463A500568CAE /* Resources */ = {
			isa = PBXResourcesBuildPhase;
			buildActionMask = 2147483647;
			files = (
				D47C8F5920B463A500568CAE /* art.scnassets in Resources */,
				D46A4C6820BDB2B000E362E7 /* enter.png in Resources */,
				D47C8F6320B463A600568CAE /* LaunchScreen.storyboard in Resources */,
				D47C8F6020B463A600568CAE /* Assets.xcassets in Resources */,
				D4ADEC9720B511DD0072C8D7 /* Main.storyboard in Resources */,
				D4FEE88920BE385D0005D5D1 /* GoogleService-Info.plist in Resources */,
			);
			runOnlyForDeploymentPostprocessing = 0;
		};
		D47C8F6720B463A600568CAE /* Resources */ = {
			isa = PBXResourcesBuildPhase;
			buildActionMask = 2147483647;
			files = (
			);
			runOnlyForDeploymentPostprocessing = 0;
		};
		D47C8F7220B463A600568CAE /* Resources */ = {
			isa = PBXResourcesBuildPhase;
			buildActionMask = 2147483647;
			files = (
			);
			runOnlyForDeploymentPostprocessing = 0;
		};
/* End PBXResourcesBuildPhase section */

/* Begin PBXShellScriptBuildPhase section */
		3F33E10DCAA7F8169F9DE2F3 /* [CP] Embed Pods Frameworks */ = {
			isa = PBXShellScriptBuildPhase;
			buildActionMask = 2147483647;
			files = (
			);
			inputPaths = (
				"${SRCROOT}/Pods/Target Support Files/Pods-Basketball/Pods-Basketball-frameworks.sh",
				"${BUILT_PRODUCTS_DIR}/GTMSessionFetcher/GTMSessionFetcher.framework",
				"${BUILT_PRODUCTS_DIR}/GoogleToolboxForMac/GoogleToolboxForMac.framework",
				"${BUILT_PRODUCTS_DIR}/leveldb-library/leveldb.framework",
				"${BUILT_PRODUCTS_DIR}/nanopb/nanopb.framework",
			);
			name = "[CP] Embed Pods Frameworks";
			outputPaths = (
				"${TARGET_BUILD_DIR}/${FRAMEWORKS_FOLDER_PATH}/GTMSessionFetcher.framework",
				"${TARGET_BUILD_DIR}/${FRAMEWORKS_FOLDER_PATH}/GoogleToolboxForMac.framework",
				"${TARGET_BUILD_DIR}/${FRAMEWORKS_FOLDER_PATH}/leveldb.framework",
				"${TARGET_BUILD_DIR}/${FRAMEWORKS_FOLDER_PATH}/nanopb.framework",
			);
			runOnlyForDeploymentPostprocessing = 0;
			shellPath = /bin/sh;
			shellScript = "\"${SRCROOT}/Pods/Target Support Files/Pods-Basketball/Pods-Basketball-frameworks.sh\"\n";
			showEnvVarsInLog = 0;
		};
		6834732035EFECD0B6C44AF1 /* [CP] Check Pods Manifest.lock */ = {
			isa = PBXShellScriptBuildPhase;
			buildActionMask = 2147483647;
			files = (
			);
			inputPaths = (
				"${PODS_PODFILE_DIR_PATH}/Podfile.lock",
				"${PODS_ROOT}/Manifest.lock",
			);
			name = "[CP] Check Pods Manifest.lock";
			outputPaths = (
				"$(DERIVED_FILE_DIR)/Pods-BasketballUITests-checkManifestLockResult.txt",
			);
			runOnlyForDeploymentPostprocessing = 0;
			shellPath = /bin/sh;
			shellScript = "diff \"${PODS_PODFILE_DIR_PATH}/Podfile.lock\" \"${PODS_ROOT}/Manifest.lock\" > /dev/null\nif [ $? != 0 ] ; then\n    # print error to STDERR\n    echo \"error: The sandbox is not in sync with the Podfile.lock. Run 'pod install' or update your CocoaPods installation.\" >&2\n    exit 1\nfi\n# This output is used by Xcode 'outputs' to avoid re-running this script phase.\necho \"SUCCESS\" > \"${SCRIPT_OUTPUT_FILE_0}\"\n";
			showEnvVarsInLog = 0;
		};
		ADBF473DBF6800F813C9BC85 /* [CP] Check Pods Manifest.lock */ = {
			isa = PBXShellScriptBuildPhase;
			buildActionMask = 2147483647;
			files = (
			);
			inputPaths = (
				"${PODS_PODFILE_DIR_PATH}/Podfile.lock",
				"${PODS_ROOT}/Manifest.lock",
			);
			name = "[CP] Check Pods Manifest.lock";
			outputPaths = (
				"$(DERIVED_FILE_DIR)/Pods-Basketball-checkManifestLockResult.txt",
			);
			runOnlyForDeploymentPostprocessing = 0;
			shellPath = /bin/sh;
			shellScript = "diff \"${PODS_PODFILE_DIR_PATH}/Podfile.lock\" \"${PODS_ROOT}/Manifest.lock\" > /dev/null\nif [ $? != 0 ] ; then\n    # print error to STDERR\n    echo \"error: The sandbox is not in sync with the Podfile.lock. Run 'pod install' or update your CocoaPods installation.\" >&2\n    exit 1\nfi\n# This output is used by Xcode 'outputs' to avoid re-running this script phase.\necho \"SUCCESS\" > \"${SCRIPT_OUTPUT_FILE_0}\"\n";
			showEnvVarsInLog = 0;
		};
		DEE2AC62AA17561B118C8A63 /* [CP] Check Pods Manifest.lock */ = {
			isa = PBXShellScriptBuildPhase;
			buildActionMask = 2147483647;
			files = (
			);
			inputPaths = (
				"${PODS_PODFILE_DIR_PATH}/Podfile.lock",
				"${PODS_ROOT}/Manifest.lock",
			);
			name = "[CP] Check Pods Manifest.lock";
			outputPaths = (
				"$(DERIVED_FILE_DIR)/Pods-BasketballTests-checkManifestLockResult.txt",
			);
			runOnlyForDeploymentPostprocessing = 0;
			shellPath = /bin/sh;
			shellScript = "diff \"${PODS_PODFILE_DIR_PATH}/Podfile.lock\" \"${PODS_ROOT}/Manifest.lock\" > /dev/null\nif [ $? != 0 ] ; then\n    # print error to STDERR\n    echo \"error: The sandbox is not in sync with the Podfile.lock. Run 'pod install' or update your CocoaPods installation.\" >&2\n    exit 1\nfi\n# This output is used by Xcode 'outputs' to avoid re-running this script phase.\necho \"SUCCESS\" > \"${SCRIPT_OUTPUT_FILE_0}\"\n";
			showEnvVarsInLog = 0;
		};
/* End PBXShellScriptBuildPhase section */

/* Begin PBXSourcesBuildPhase section */
		D47C8F4F20B463A500568CAE /* Sources */ = {
			isa = PBXSourcesBuildPhase;
			buildActionMask = 2147483647;
			files = (
				D46A4C6520BD6A2600E362E7 /* ViewController.swift in Sources */,
				D4FEE88D20BEABB60005D5D1 /* UserTable.swift in Sources */,
				D47C8F5720B463A500568CAE /* AppDelegate.swift in Sources */,
				D47E6ABB20BFA45800740850 /* ARViewController.swift in Sources */,
			);
			runOnlyForDeploymentPostprocessing = 0;
		};
		D47C8F6520B463A600568CAE /* Sources */ = {
			isa = PBXSourcesBuildPhase;
			buildActionMask = 2147483647;
			files = (
				D47C8F6E20B463A600568CAE /* BasketballTests.swift in Sources */,
			);
			runOnlyForDeploymentPostprocessing = 0;
		};
		D47C8F7020B463A600568CAE /* Sources */ = {
			isa = PBXSourcesBuildPhase;
			buildActionMask = 2147483647;
			files = (
				D47C8F7920B463A600568CAE /* BasketballUITests.swift in Sources */,
			);
			runOnlyForDeploymentPostprocessing = 0;
		};
/* End PBXSourcesBuildPhase section */

/* Begin PBXTargetDependency section */
		D47C8F6B20B463A600568CAE /* PBXTargetDependency */ = {
			isa = PBXTargetDependency;
			target = D47C8F5220B463A500568CAE /* Basketball */;
			targetProxy = D47C8F6A20B463A600568CAE /* PBXContainerItemProxy */;
		};
		D47C8F7620B463A600568CAE /* PBXTargetDependency */ = {
			isa = PBXTargetDependency;
			target = D47C8F5220B463A500568CAE /* Basketball */;
			targetProxy = D47C8F7520B463A600568CAE /* PBXContainerItemProxy */;
		};
/* End PBXTargetDependency section */

/* Begin PBXVariantGroup section */
		D47C8F6120B463A600568CAE /* LaunchScreen.storyboard */ = {
			isa = PBXVariantGroup;
			children = (
				D47C8F6220B463A600568CAE /* Base */,
			);
			name = LaunchScreen.storyboard;
			sourceTree = "<group>";
		};
/* End PBXVariantGroup section */

/* Begin XCBuildConfiguration section */
		D47C8F7B20B463A600568CAE /* Debug */ = {
			isa = XCBuildConfiguration;
			buildSettings = {
				ALWAYS_SEARCH_USER_PATHS = NO;
				CLANG_ANALYZER_NONNULL = YES;
				CLANG_ANALYZER_NUMBER_OBJECT_CONVERSION = YES_AGGRESSIVE;
				CLANG_CXX_LANGUAGE_STANDARD = "gnu++14";
				CLANG_CXX_LIBRARY = "libc++";
				CLANG_ENABLE_MODULES = YES;
				CLANG_ENABLE_OBJC_ARC = YES;
				CLANG_ENABLE_OBJC_WEAK = YES;
				CLANG_WARN_BLOCK_CAPTURE_AUTORELEASING = YES;
				CLANG_WARN_BOOL_CONVERSION = YES;
				CLANG_WARN_COMMA = YES;
				CLANG_WARN_CONSTANT_CONVERSION = YES;
				CLANG_WARN_DEPRECATED_OBJC_IMPLEMENTATIONS = YES;
				CLANG_WARN_DIRECT_OBJC_ISA_USAGE = YES_ERROR;
				CLANG_WARN_DOCUMENTATION_COMMENTS = YES;
				CLANG_WARN_EMPTY_BODY = YES;
				CLANG_WARN_ENUM_CONVERSION = YES;
				CLANG_WARN_INFINITE_RECURSION = YES;
				CLANG_WARN_INT_CONVERSION = YES;
				CLANG_WARN_NON_LITERAL_NULL_CONVERSION = YES;
				CLANG_WARN_OBJC_IMPLICIT_RETAIN_SELF = YES;
				CLANG_WARN_OBJC_LITERAL_CONVERSION = YES;
				CLANG_WARN_OBJC_ROOT_CLASS = YES_ERROR;
				CLANG_WARN_RANGE_LOOP_ANALYSIS = YES;
				CLANG_WARN_STRICT_PROTOTYPES = YES;
				CLANG_WARN_SUSPICIOUS_MOVE = YES;
				CLANG_WARN_UNGUARDED_AVAILABILITY = YES_AGGRESSIVE;
				CLANG_WARN_UNREACHABLE_CODE = YES;
				CLANG_WARN__DUPLICATE_METHOD_MATCH = YES;
				CODE_SIGN_IDENTITY = "iPhone Developer";
				COPY_PHASE_STRIP = NO;
				DEBUG_INFORMATION_FORMAT = dwarf;
				ENABLE_STRICT_OBJC_MSGSEND = YES;
				ENABLE_TESTABILITY = YES;
				GCC_C_LANGUAGE_STANDARD = gnu11;
				GCC_DYNAMIC_NO_PIC = NO;
				GCC_NO_COMMON_BLOCKS = YES;
				GCC_OPTIMIZATION_LEVEL = 0;
				GCC_PREPROCESSOR_DEFINITIONS = (
					"DEBUG=1",
					"$(inherited)",
				);
				GCC_WARN_64_TO_32_BIT_CONVERSION = YES;
				GCC_WARN_ABOUT_RETURN_TYPE = YES_ERROR;
				GCC_WARN_UNDECLARED_SELECTOR = YES;
				GCC_WARN_UNINITIALIZED_AUTOS = YES_AGGRESSIVE;
				GCC_WARN_UNUSED_FUNCTION = YES;
				GCC_WARN_UNUSED_VARIABLE = YES;
				IPHONEOS_DEPLOYMENT_TARGET = 11.3;
				MTL_ENABLE_DEBUG_INFO = YES;
				ONLY_ACTIVE_ARCH = YES;
				SDKROOT = iphoneos;
				SWIFT_ACTIVE_COMPILATION_CONDITIONS = DEBUG;
				SWIFT_OPTIMIZATION_LEVEL = "-Onone";
			};
			name = Debug;
		};
		D47C8F7C20B463A600568CAE /* Release */ = {
			isa = XCBuildConfiguration;
			buildSettings = {
				ALWAYS_SEARCH_USER_PATHS = NO;
				CLANG_ANALYZER_NONNULL = YES;
				CLANG_ANALYZER_NUMBER_OBJECT_CONVERSION = YES_AGGRESSIVE;
				CLANG_CXX_LANGUAGE_STANDARD = "gnu++14";
				CLANG_CXX_LIBRARY = "libc++";
				CLANG_ENABLE_MODULES = YES;
				CLANG_ENABLE_OBJC_ARC = YES;
				CLANG_ENABLE_OBJC_WEAK = YES;
				CLANG_WARN_BLOCK_CAPTURE_AUTORELEASING = YES;
				CLANG_WARN_BOOL_CONVERSION = YES;
				CLANG_WARN_COMMA = YES;
				CLANG_WARN_CONSTANT_CONVERSION = YES;
				CLANG_WARN_DEPRECATED_OBJC_IMPLEMENTATIONS = YES;
				CLANG_WARN_DIRECT_OBJC_ISA_USAGE = YES_ERROR;
				CLANG_WARN_DOCUMENTATION_COMMENTS = YES;
				CLANG_WARN_EMPTY_BODY = YES;
				CLANG_WARN_ENUM_CONVERSION = YES;
				CLANG_WARN_INFINITE_RECURSION = YES;
				CLANG_WARN_INT_CONVERSION = YES;
				CLANG_WARN_NON_LITERAL_NULL_CONVERSION = YES;
				CLANG_WARN_OBJC_IMPLICIT_RETAIN_SELF = YES;
				CLANG_WARN_OBJC_LITERAL_CONVERSION = YES;
				CLANG_WARN_OBJC_ROOT_CLASS = YES_ERROR;
				CLANG_WARN_RANGE_LOOP_ANALYSIS = YES;
				CLANG_WARN_STRICT_PROTOTYPES = YES;
				CLANG_WARN_SUSPICIOUS_MOVE = YES;
				CLANG_WARN_UNGUARDED_AVAILABILITY = YES_AGGRESSIVE;
				CLANG_WARN_UNREACHABLE_CODE = YES;
				CLANG_WARN__DUPLICATE_METHOD_MATCH = YES;
				CODE_SIGN_IDENTITY = "iPhone Developer";
				COPY_PHASE_STRIP = NO;
				DEBUG_INFORMATION_FORMAT = "dwarf-with-dsym";
				ENABLE_NS_ASSERTIONS = NO;
				ENABLE_STRICT_OBJC_MSGSEND = YES;
				GCC_C_LANGUAGE_STANDARD = gnu11;
				GCC_NO_COMMON_BLOCKS = YES;
				GCC_WARN_64_TO_32_BIT_CONVERSION = YES;
				GCC_WARN_ABOUT_RETURN_TYPE = YES_ERROR;
				GCC_WARN_UNDECLARED_SELECTOR = YES;
				GCC_WARN_UNINITIALIZED_AUTOS = YES_AGGRESSIVE;
				GCC_WARN_UNUSED_FUNCTION = YES;
				GCC_WARN_UNUSED_VARIABLE = YES;
				IPHONEOS_DEPLOYMENT_TARGET = 11.3;
				MTL_ENABLE_DEBUG_INFO = NO;
				SDKROOT = iphoneos;
				SWIFT_COMPILATION_MODE = wholemodule;
				SWIFT_OPTIMIZATION_LEVEL = "-O";
				VALIDATE_PRODUCT = YES;
			};
			name = Release;
		};
		D47C8F7E20B463A600568CAE /* Debug */ = {
			isa = XCBuildConfiguration;
			baseConfigurationReference = B79FA201E53B586D7C2ABBCA /* Pods-Basketball.debug.xcconfig */;
			buildSettings = {
				ASSETCATALOG_COMPILER_APPICON_NAME = AppIcon;
				CODE_SIGN_STYLE = Automatic;
				DEVELOPMENT_TEAM = DSL2NF846M;
				INFOPLIST_FILE = Basketball/Info.plist;
				LD_RUNPATH_SEARCH_PATHS = (
					"$(inherited)",
					"@executable_path/Frameworks",
				);
				PRODUCT_BUNDLE_IDENTIFIER = cx617.Basketball;
				PRODUCT_NAME = "$(TARGET_NAME)";
				SWIFT_VERSION = 4.0;
				TARGETED_DEVICE_FAMILY = "1,2";
			};
			name = Debug;
		};
		D47C8F7F20B463A600568CAE /* Release */ = {
			isa = XCBuildConfiguration;
			baseConfigurationReference = FB24113912945D5C7127E199 /* Pods-Basketball.release.xcconfig */;
			buildSettings = {
				ASSETCATALOG_COMPILER_APPICON_NAME = AppIcon;
				CODE_SIGN_STYLE = Automatic;
				DEVELOPMENT_TEAM = DSL2NF846M;
				INFOPLIST_FILE = Basketball/Info.plist;
				LD_RUNPATH_SEARCH_PATHS = (
					"$(inherited)",
					"@executable_path/Frameworks",
				);
				PRODUCT_BUNDLE_IDENTIFIER = cx617.Basketball;
				PRODUCT_NAME = "$(TARGET_NAME)";
				SWIFT_VERSION = 4.0;
				TARGETED_DEVICE_FAMILY = "1,2";
			};
			name = Release;
		};
		D47C8F8120B463A600568CAE /* Debug */ = {
			isa = XCBuildConfiguration;
			baseConfigurationReference = AC3D2BE5CE73237B56413D87 /* Pods-BasketballTests.debug.xcconfig */;
			buildSettings = {
				ALWAYS_EMBED_SWIFT_STANDARD_LIBRARIES = YES;
				BUNDLE_LOADER = "$(TEST_HOST)";
				CODE_SIGN_STYLE = Automatic;
				DEVELOPMENT_TEAM = DSL2NF846M;
				INFOPLIST_FILE = BasketballTests/Info.plist;
				LD_RUNPATH_SEARCH_PATHS = (
					"$(inherited)",
					"@executable_path/Frameworks",
					"@loader_path/Frameworks",
				);
				PRODUCT_BUNDLE_IDENTIFIER = cx617.BasketballTests;
				PRODUCT_NAME = "$(TARGET_NAME)";
				SWIFT_VERSION = 4.0;
				TARGETED_DEVICE_FAMILY = "1,2";
				TEST_HOST = "$(BUILT_PRODUCTS_DIR)/Basketball.app/Basketball";
			};
			name = Debug;
		};
		D47C8F8220B463A600568CAE /* Release */ = {
			isa = XCBuildConfiguration;
			baseConfigurationReference = B98EE1C7323A55095B3A2A0E /* Pods-BasketballTests.release.xcconfig */;
			buildSettings = {
				ALWAYS_EMBED_SWIFT_STANDARD_LIBRARIES = YES;
				BUNDLE_LOADER = "$(TEST_HOST)";
				CODE_SIGN_STYLE = Automatic;
				DEVELOPMENT_TEAM = DSL2NF846M;
				INFOPLIST_FILE = BasketballTests/Info.plist;
				LD_RUNPATH_SEARCH_PATHS = (
					"$(inherited)",
					"@executable_path/Frameworks",
					"@loader_path/Frameworks",
				);
				PRODUCT_BUNDLE_IDENTIFIER = cx617.BasketballTests;
				PRODUCT_NAME = "$(TARGET_NAME)";
				SWIFT_VERSION = 4.0;
				TARGETED_DEVICE_FAMILY = "1,2";
				TEST_HOST = "$(BUILT_PRODUCTS_DIR)/Basketball.app/Basketball";
			};
			name = Release;
		};
		D47C8F8420B463A600568CAE /* Debug */ = {
			isa = XCBuildConfiguration;
			baseConfigurationReference = EA203BF6C2DE1CCB15F2B0E3 /* Pods-BasketballUITests.debug.xcconfig */;
			buildSettings = {
				ALWAYS_EMBED_SWIFT_STANDARD_LIBRARIES = YES;
				CODE_SIGN_STYLE = Automatic;
				DEVELOPMENT_TEAM = DSL2NF846M;
				INFOPLIST_FILE = BasketballUITests/Info.plist;
				LD_RUNPATH_SEARCH_PATHS = (
					"$(inherited)",
					"@executable_path/Frameworks",
					"@loader_path/Frameworks",
				);
				PRODUCT_BUNDLE_IDENTIFIER = cx617.BasketballUITests;
				PRODUCT_NAME = "$(TARGET_NAME)";
				SWIFT_VERSION = 4.0;
				TARGETED_DEVICE_FAMILY = "1,2";
				TEST_TARGET_NAME = Basketball;
			};
			name = Debug;
		};
		D47C8F8520B463A600568CAE /* Release */ = {
			isa = XCBuildConfiguration;
			baseConfigurationReference = 5C9632B5D0CDFE0BBFDAF615 /* Pods-BasketballUITests.release.xcconfig */;
			buildSettings = {
				ALWAYS_EMBED_SWIFT_STANDARD_LIBRARIES = YES;
				CODE_SIGN_STYLE = Automatic;
				DEVELOPMENT_TEAM = DSL2NF846M;
				INFOPLIST_FILE = BasketballUITests/Info.plist;
				LD_RUNPATH_SEARCH_PATHS = (
					"$(inherited)",
					"@executable_path/Frameworks",
					"@loader_path/Frameworks",
				);
				PRODUCT_BUNDLE_IDENTIFIER = cx617.BasketballUITests;
				PRODUCT_NAME = "$(TARGET_NAME)";
				SWIFT_VERSION = 4.0;
				TARGETED_DEVICE_FAMILY = "1,2";
				TEST_TARGET_NAME = Basketball;
			};
			name = Release;
		};
/* End XCBuildConfiguration section */

/* Begin XCConfigurationList section */
		D47C8F4E20B463A500568CAE /* Build configuration list for PBXProject "Basketball" */ = {
			isa = XCConfigurationList;
			buildConfigurations = (
				D47C8F7B20B463A600568CAE /* Debug */,
				D47C8F7C20B463A600568CAE /* Release */,
			);
			defaultConfigurationIsVisible = 0;
			defaultConfigurationName = Release;
		};
		D47C8F7D20B463A600568CAE /* Build configuration list for PBXNativeTarget "Basketball" */ = {
			isa = XCConfigurationList;
			buildConfigurations = (
				D47C8F7E20B463A600568CAE /* Debug */,
				D47C8F7F20B463A600568CAE /* Release */,
			);
			defaultConfigurationIsVisible = 0;
			defaultConfigurationName = Release;
		};
		D47C8F8020B463A600568CAE /* Build configuration list for PBXNativeTarget "BasketballTests" */ = {
			isa = XCConfigurationList;
			buildConfigurations = (
				D47C8F8120B463A600568CAE /* Debug */,
				D47C8F8220B463A600568CAE /* Release */,
			);
			defaultConfigurationIsVisible = 0;
			defaultConfigurationName = Release;
		};
		D47C8F8320B463A600568CAE /* Build configuration list for PBXNativeTarget "BasketballUITests" */ = {
			isa = XCConfigurationList;
			buildConfigurations = (
				D47C8F8420B463A600568CAE /* Debug */,
				D47C8F8520B463A600568CAE /* Release */,
			);
			defaultConfigurationIsVisible = 0;
			defaultConfigurationName = Release;
		};
/* End XCConfigurationList section */
	};
	rootObject = D47C8F4B20B463A500568CAE /* Project object */;
}
